
Microsoft Visual Studio Solution File, Format Version 12.00
# Visual Studio Version 17
VisualStudioVersion = 17.7.34202.233
MinimumVisualStudioVersion = 10.0.40219.1
Project("{FAE04EC0-301F-11D3-BF4B-00C04F79EFBC}") = "ToAPI", "ToAPI\ToAPI.csproj", "{EBD64913-E12D-43D0-9BAA-D097032C524F}"
EndProject
Global
	GlobalSection(SolutionConfigurationPlatforms) = preSolution
		Debug|Any CPU = Debug|Any CPU
		Release|Any CPU = Release|Any CPU
	EndGlobalSection
	GlobalSection(ProjectConfigurationPlatforms) = postSolution
		{EBD64913-E12D-43D0-9BAA-D097032C524F}.Debug|Any CPU.ActiveCfg = Debug|Any CPU
		{EBD64913-E12D-43D0-9BAA-D097032C524F}.Debug|Any CPU.Build.0 = Debug|Any CPU
		{EBD64913-E12D-43D0-9BAA-D097032C524F}.Release|Any CPU.ActiveCfg = Release|Any CPU
		{EBD64913-E12D-43D0-9BAA-D097032C524F}.Release|Any CPU.Build.0 = Release|Any CPU
	EndGlobalSection
	GlobalSection(SolutionProperties) = preSolution
		HideSolutionNode = FALSE
	EndGlobalSection
	GlobalSection(ExtensibilityGlobals) = postSolution
		SolutionGuid = {A621E50A-D60B-4AD7-9691-D6B30E4260D8}
	EndGlobalSection
EndGlobal
